# This file is automatically @generated by Cargo.
# It is not intended for manual editing.
version = 4

[[package]]
name = "graph-search-cli"
version = "0.1.0"

[[package]]
name = "graph-search-core"
version = "0.1.0"

[[package]]
name = "graph-search-engine"
version = "0.1.0"

[[package]]
name = "graph-search-langs"
version = "0.1.0"

[[package]]
name = "graph-search-types"
version = "0.1.0"
